// !$*UTF8*$!
{
	archiveVersion = 1;
	classes = {
	};
	objectVersion = 51;
	objects = {

/* Begin PBXBuildFile section */
		101C8AB8252B5C2981990F9D /* Pods_GetRestIOS.framework in Frameworks */ = {isa = PBXBuildFile; fileRef = EFDBF9252B0AFEB18C69E835 /* Pods_GetRestIOS.framework */; };
		4B3F935022D08C21004919B1 /* PortfolioTableViewCell.swift in Sources */ = {isa = PBXBuildFile; fileRef = 4B3F934E22D08C21004919B1 /* PortfolioTableViewCell.swift */; };
		4B3F935122D08C21004919B1 /* PortfolioTableViewCell.xib in Resources */ = {isa = PBXBuildFile; fileRef = 4B3F934F22D08C21004919B1 /* PortfolioTableViewCell.xib */; };
		4B63B05022CFA523005F52D7 /* AddPortfolioViewController.swift in Sources */ = {isa = PBXBuildFile; fileRef = 4B63B04F22CFA523005F52D7 /* AddPortfolioViewController.swift */; };
		4B63B05222CFFFF7005F52D7 /* PortfolioDetailVC1.swift in Sources */ = {isa = PBXBuildFile; fileRef = 4B63B05122CFFFF7005F52D7 /* PortfolioDetailVC1.swift */; };
		4B63B05422D011A1005F52D7 /* PortfolioDetailVC2.swift in Sources */ = {isa = PBXBuildFile; fileRef = 4B63B05322D011A1005F52D7 /* PortfolioDetailVC2.swift */; };
		4B63B05B22D02E58005F52D7 /* ChipCollectionViewCell.swift in Sources */ = {isa = PBXBuildFile; fileRef = 4B63B05922D02E58005F52D7 /* ChipCollectionViewCell.swift */; };
		4B63B05C22D02E58005F52D7 /* ChipCollectionViewCell.xib in Resources */ = {isa = PBXBuildFile; fileRef = 4B63B05A22D02E58005F52D7 /* ChipCollectionViewCell.xib */; };
		4B67C18022D1D9C900B9F546 /* PortfolioModel.swift in Sources */ = {isa = PBXBuildFile; fileRef = 4B67C17F22D1D9C900B9F546 /* PortfolioModel.swift */; };
		4B67C18322D3512500B9F546 /* RecruitListModel.swift in Sources */ = {isa = PBXBuildFile; fileRef = 4B67C18222D3512500B9F546 /* RecruitListModel.swift */; };
		4B67C18722D3536200B9F546 /* RecruitViewController.swift in Sources */ = {isa = PBXBuildFile; fileRef = 4B67C18622D3536200B9F546 /* RecruitViewController.swift */; };
		4B67C18B22D3574400B9F546 /* RecruitListCell.swift in Sources */ = {isa = PBXBuildFile; fileRef = 4B67C18A22D3574400B9F546 /* RecruitListCell.swift */; };
		4B67C18D22D4055300B9F546 /* DatePickerVC.swift in Sources */ = {isa = PBXBuildFile; fileRef = 4B67C18C22D4055300B9F546 /* DatePickerVC.swift */; };
		4B67C18F22D41C7400B9F546 /* NotificationNameExtension.swift in Sources */ = {isa = PBXBuildFile; fileRef = 4B67C18E22D41C7400B9F546 /* NotificationNameExtension.swift */; };
		4B67C19122D42F9F00B9F546 /* RecruitFilterVC.swift in Sources */ = {isa = PBXBuildFile; fileRef = 4B67C19022D42F9F00B9F546 /* RecruitFilterVC.swift */; };
		4B67C19322D44DEF00B9F546 /* FIlterListTVC.swift in Sources */ = {isa = PBXBuildFile; fileRef = 4B67C19222D44DEF00B9F546 /* FIlterListTVC.swift */; };
		4B67C19522D44E1200B9F546 /* FIlterListCellCVC.swift in Sources */ = {isa = PBXBuildFile; fileRef = 4B67C19422D44E1200B9F546 /* FIlterListCellCVC.swift */; };
		4B67C19722D4BBCA00B9F546 /* RecruitDetailVC.swift in Sources */ = {isa = PBXBuildFile; fileRef = 4B67C19622D4BBCA00B9F546 /* RecruitDetailVC.swift */; };
		4B67C19922D4E1D800B9F546 /* SearchVC.swift in Sources */ = {isa = PBXBuildFile; fileRef = 4B67C19822D4E1D800B9F546 /* SearchVC.swift */; };
		4B67C19D22D5183700B9F546 /* SelectVC.swift in Sources */ = {isa = PBXBuildFile; fileRef = 4B67C19C22D5183700B9F546 /* SelectVC.swift */; };
		4B67C19F22D518A900B9F546 /* SelectTVC.swift in Sources */ = {isa = PBXBuildFile; fileRef = 4B67C19E22D518A900B9F546 /* SelectTVC.swift */; };
		4B67C1A122D518C500B9F546 /* SelectCell.swift in Sources */ = {isa = PBXBuildFile; fileRef = 4B67C1A022D518C500B9F546 /* SelectCell.swift */; };
		4B67C1A522D5199000B9F546 /* QuestionCell.swift in Sources */ = {isa = PBXBuildFile; fileRef = 4B67C1A422D5199000B9F546 /* QuestionCell.swift */; };
		4BB47EEF22C614E300930582 /* AppDelegate.swift in Sources */ = {isa = PBXBuildFile; fileRef = 4BB47EEE22C614E300930582 /* AppDelegate.swift */; };
		4BB47EF422C614E300930582 /* Main.storyboard in Resources */ = {isa = PBXBuildFile; fileRef = 4BB47EF222C614E300930582 /* Main.storyboard */; };
		4BB47EF922C614E400930582 /* LaunchScreen.storyboard in Resources */ = {isa = PBXBuildFile; fileRef = 4BB47EF722C614E400930582 /* LaunchScreen.storyboard */; };
		4BC0DD6A22D6672600517324 /* PortfolioSelectVC.swift in Sources */ = {isa = PBXBuildFile; fileRef = 4BC0DD6922D6672600517324 /* PortfolioSelectVC.swift */; };
		4BC0DD6C22D6697500517324 /* PopUp.storyboard in Resources */ = {isa = PBXBuildFile; fileRef = 4BC0DD6B22D6697500517324 /* PopUp.storyboard */; };
		4BC0DD7022D694E300517324 /* CategoryCell.swift in Sources */ = {isa = PBXBuildFile; fileRef = 4BC0DD6F22D694E300517324 /* CategoryCell.swift */; };
		4BC0DD7222D6953100517324 /* CategoryVC.swift in Sources */ = {isa = PBXBuildFile; fileRef = 4BC0DD7122D6953100517324 /* CategoryVC.swift */; };
		4BFE157922CC1D4E008369B9 /* PortfolioViewController.swift in Sources */ = {isa = PBXBuildFile; fileRef = 4BFE157822CC1D4E008369B9 /* PortfolioViewController.swift */; };
		C51EAD5B22CF49E100C836A7 /* bubbleTransition.swift in Sources */ = {isa = PBXBuildFile; fileRef = C51EAD5A22CF49E100C836A7 /* bubbleTransition.swift */; };
		C56EE50D22CCE5540062F072 /* HashTagCollectionViewCell.swift in Sources */ = {isa = PBXBuildFile; fileRef = C56EE50B22CCE5540062F072 /* HashTagCollectionViewCell.swift */; };
		C56EE51122CD063F0062F072 /* HashTagCollectionViewCell.xib in Resources */ = {isa = PBXBuildFile; fileRef = C56EE51022CD063F0062F072 /* HashTagCollectionViewCell.xib */; };
		C56EE51322CD204B0062F072 /* Assets.xcassets in Resources */ = {isa = PBXBuildFile; fileRef = C56EE51222CD204B0062F072 /* Assets.xcassets */; };
		C5ACDC9922C89B4300837653 /* Home.storyboard in Resources */ = {isa = PBXBuildFile; fileRef = C5ACDC9722C89B4300837653 /* Home.storyboard */; };
		C5ACDC9B22C89B7E00837653 /* Portfolio.storyboard in Resources */ = {isa = PBXBuildFile; fileRef = C5ACDC9A22C89B7E00837653 /* Portfolio.storyboard */; };
		C5ACDC9D22C8A3C300837653 /* MyResume.storyboard in Resources */ = {isa = PBXBuildFile; fileRef = C5ACDC9C22C8A3C300837653 /* MyResume.storyboard */; };
		C5ACDCA222C8A4F200837653 /* Recruit.storyboard in Resources */ = {isa = PBXBuildFile; fileRef = C5ACDCA122C8A4F200837653 /* Recruit.storyboard */; };
		C5ACDCA422C8D73900837653 /* UIColor+Extensions.swift in Sources */ = {isa = PBXBuildFile; fileRef = C5ACDCA322C8D73900837653 /* UIColor+Extensions.swift */; };
		C5ACDCA622C8DC5600837653 /* UIView+Extensions.swift in Sources */ = {isa = PBXBuildFile; fileRef = C5ACDCA522C8DC5600837653 /* UIView+Extensions.swift */; };
		C5ACDCA822C8E04900837653 /* MainHomeViewController.swift in Sources */ = {isa = PBXBuildFile; fileRef = C5ACDCA722C8E04900837653 /* MainHomeViewController.swift */; };
		C5D6DE9722CE021800A7EB0E /* PortfolioDetailViewController.swift in Sources */ = {isa = PBXBuildFile; fileRef = C5D6DE9622CE021800A7EB0E /* PortfolioDetailViewController.swift */; };
		C5D6DE9922CE0A9700A7EB0E /* PortfolioDetailModel.swift in Sources */ = {isa = PBXBuildFile; fileRef = C5D6DE9822CE0A9700A7EB0E /* PortfolioDetailModel.swift */; };
		C5D6DE9D22CE3D5C00A7EB0E /* PortfolioDetailTableViewCell.swift in Sources */ = {isa = PBXBuildFile; fileRef = C5D6DE9C22CE3D5C00A7EB0E /* PortfolioDetailTableViewCell.swift */; };
		C5DC86CC22CB8F1B000C247F /* HomeGraphDetailTableViewCell.swift in Sources */ = {isa = PBXBuildFile; fileRef = C5DC86CB22CB8F1B000C247F /* HomeGraphDetailTableViewCell.swift */; };
		C5DC86D222CBDC4B000C247F /* HomeGraphDetailModel.swift in Sources */ = {isa = PBXBuildFile; fileRef = C5DC86D122CBDC4B000C247F /* HomeGraphDetailModel.swift */; };
		C5DC86D422CBF8D4000C247F /* CardView.swift in Sources */ = {isa = PBXBuildFile; fileRef = C5DC86D322CBF8D4000C247F /* CardView.swift */; };
/* End PBXBuildFile section */

/* Begin PBXFileReference section */
		00D5413CD194F992CD511BF0 /* Pods-GetRestIOS.debug.xcconfig */ = {isa = PBXFileReference; includeInIndex = 1; lastKnownFileType = text.xcconfig; name = "Pods-GetRestIOS.debug.xcconfig"; path = "Target Support Files/Pods-GetRestIOS/Pods-GetRestIOS.debug.xcconfig"; sourceTree = "<group>"; };
		48F387B77A4E8B89EB6CF466 /* Pods-GetRestIOS.release.xcconfig */ = {isa = PBXFileReference; includeInIndex = 1; lastKnownFileType = text.xcconfig; name = "Pods-GetRestIOS.release.xcconfig"; path = "Target Support Files/Pods-GetRestIOS/Pods-GetRestIOS.release.xcconfig"; sourceTree = "<group>"; };
		4B3F934E22D08C21004919B1 /* PortfolioTableViewCell.swift */ = {isa = PBXFileReference; lastKnownFileType = sourcecode.swift; path = PortfolioTableViewCell.swift; sourceTree = "<group>"; };
		4B3F934F22D08C21004919B1 /* PortfolioTableViewCell.xib */ = {isa = PBXFileReference; lastKnownFileType = file.xib; path = PortfolioTableViewCell.xib; sourceTree = "<group>"; };
		4B63B04F22CFA523005F52D7 /* AddPortfolioViewController.swift */ = {isa = PBXFileReference; lastKnownFileType = sourcecode.swift; path = AddPortfolioViewController.swift; sourceTree = "<group>"; };
		4B63B05122CFFFF7005F52D7 /* PortfolioDetailVC1.swift */ = {isa = PBXFileReference; lastKnownFileType = sourcecode.swift; path = PortfolioDetailVC1.swift; sourceTree = "<group>"; };
		4B63B05322D011A1005F52D7 /* PortfolioDetailVC2.swift */ = {isa = PBXFileReference; lastKnownFileType = sourcecode.swift; path = PortfolioDetailVC2.swift; sourceTree = "<group>"; };
		4B63B05922D02E58005F52D7 /* ChipCollectionViewCell.swift */ = {isa = PBXFileReference; lastKnownFileType = sourcecode.swift; path = ChipCollectionViewCell.swift; sourceTree = "<group>"; };
		4B63B05A22D02E58005F52D7 /* ChipCollectionViewCell.xib */ = {isa = PBXFileReference; lastKnownFileType = file.xib; path = ChipCollectionViewCell.xib; sourceTree = "<group>"; };
		4B67C17F22D1D9C900B9F546 /* PortfolioModel.swift */ = {isa = PBXFileReference; lastKnownFileType = sourcecode.swift; path = PortfolioModel.swift; sourceTree = "<group>"; };
		4B67C18222D3512500B9F546 /* RecruitListModel.swift */ = {isa = PBXFileReference; lastKnownFileType = sourcecode.swift; path = RecruitListModel.swift; sourceTree = "<group>"; };
		4B67C18622D3536200B9F546 /* RecruitViewController.swift */ = {isa = PBXFileReference; lastKnownFileType = sourcecode.swift; path = RecruitViewController.swift; sourceTree = "<group>"; };
		4B67C18A22D3574400B9F546 /* RecruitListCell.swift */ = {isa = PBXFileReference; lastKnownFileType = sourcecode.swift; path = RecruitListCell.swift; sourceTree = "<group>"; };
		4B67C18C22D4055300B9F546 /* DatePickerVC.swift */ = {isa = PBXFileReference; lastKnownFileType = sourcecode.swift; name = DatePickerVC.swift; path = GetRestIOS/Controllers/Recruit/DatePickerVC.swift; sourceTree = SOURCE_ROOT; };
		4B67C18E22D41C7400B9F546 /* NotificationNameExtension.swift */ = {isa = PBXFileReference; lastKnownFileType = sourcecode.swift; path = NotificationNameExtension.swift; sourceTree = "<group>"; };
		4B67C19022D42F9F00B9F546 /* RecruitFilterVC.swift */ = {isa = PBXFileReference; lastKnownFileType = sourcecode.swift; path = RecruitFilterVC.swift; sourceTree = "<group>"; };
		4B67C19222D44DEF00B9F546 /* FIlterListTVC.swift */ = {isa = PBXFileReference; lastKnownFileType = sourcecode.swift; path = FIlterListTVC.swift; sourceTree = "<group>"; };
		4B67C19422D44E1200B9F546 /* FIlterListCellCVC.swift */ = {isa = PBXFileReference; lastKnownFileType = sourcecode.swift; path = FIlterListCellCVC.swift; sourceTree = "<group>"; };
		4B67C19622D4BBCA00B9F546 /* RecruitDetailVC.swift */ = {isa = PBXFileReference; lastKnownFileType = sourcecode.swift; path = RecruitDetailVC.swift; sourceTree = "<group>"; };
		4B67C19822D4E1D800B9F546 /* SearchVC.swift */ = {isa = PBXFileReference; lastKnownFileType = sourcecode.swift; path = SearchVC.swift; sourceTree = "<group>"; };
		4B67C19C22D5183700B9F546 /* SelectVC.swift */ = {isa = PBXFileReference; lastKnownFileType = sourcecode.swift; path = SelectVC.swift; sourceTree = "<group>"; };
		4B67C19E22D518A900B9F546 /* SelectTVC.swift */ = {isa = PBXFileReference; lastKnownFileType = sourcecode.swift; path = SelectTVC.swift; sourceTree = "<group>"; };
		4B67C1A022D518C500B9F546 /* SelectCell.swift */ = {isa = PBXFileReference; lastKnownFileType = sourcecode.swift; path = SelectCell.swift; sourceTree = "<group>"; };
		4B67C1A422D5199000B9F546 /* QuestionCell.swift */ = {isa = PBXFileReference; lastKnownFileType = sourcecode.swift; path = QuestionCell.swift; sourceTree = "<group>"; };
		4BB47EEB22C614E300930582 /* GetRestIOS.app */ = {isa = PBXFileReference; explicitFileType = wrapper.application; includeInIndex = 0; path = GetRestIOS.app; sourceTree = BUILT_PRODUCTS_DIR; };
		4BB47EEE22C614E300930582 /* AppDelegate.swift */ = {isa = PBXFileReference; lastKnownFileType = sourcecode.swift; path = AppDelegate.swift; sourceTree = "<group>"; };
		4BB47EF322C614E300930582 /* Base */ = {isa = PBXFileReference; lastKnownFileType = file.storyboard; name = Base; path = Base.lproj/Main.storyboard; sourceTree = "<group>"; };
		4BB47EF822C614E400930582 /* Base */ = {isa = PBXFileReference; lastKnownFileType = file.storyboard; name = Base; path = Base.lproj/LaunchScreen.storyboard; sourceTree = "<group>"; };
		4BB47EFA22C614E400930582 /* Info.plist */ = {isa = PBXFileReference; lastKnownFileType = text.plist.xml; path = Info.plist; sourceTree = "<group>"; };
		4BC0DD6922D6672600517324 /* PortfolioSelectVC.swift */ = {isa = PBXFileReference; lastKnownFileType = sourcecode.swift; path = PortfolioSelectVC.swift; sourceTree = "<group>"; };
		4BC0DD6B22D6697500517324 /* PopUp.storyboard */ = {isa = PBXFileReference; lastKnownFileType = file.storyboard; path = PopUp.storyboard; sourceTree = "<group>"; };
		4BC0DD6F22D694E300517324 /* CategoryCell.swift */ = {isa = PBXFileReference; lastKnownFileType = sourcecode.swift; path = CategoryCell.swift; sourceTree = "<group>"; };
		4BC0DD7122D6953100517324 /* CategoryVC.swift */ = {isa = PBXFileReference; lastKnownFileType = sourcecode.swift; path = CategoryVC.swift; sourceTree = "<group>"; };
		4BFE157822CC1D4E008369B9 /* PortfolioViewController.swift */ = {isa = PBXFileReference; lastKnownFileType = sourcecode.swift; path = PortfolioViewController.swift; sourceTree = "<group>"; };
		C51EAD5A22CF49E100C836A7 /* bubbleTransition.swift */ = {isa = PBXFileReference; lastKnownFileType = sourcecode.swift; path = bubbleTransition.swift; sourceTree = "<group>"; };
		C56EE50B22CCE5540062F072 /* HashTagCollectionViewCell.swift */ = {isa = PBXFileReference; lastKnownFileType = sourcecode.swift; path = HashTagCollectionViewCell.swift; sourceTree = "<group>"; };
		C56EE51022CD063F0062F072 /* HashTagCollectionViewCell.xib */ = {isa = PBXFileReference; lastKnownFileType = file.xib; path = HashTagCollectionViewCell.xib; sourceTree = "<group>"; };
		C56EE51222CD204B0062F072 /* Assets.xcassets */ = {isa = PBXFileReference; lastKnownFileType = folder.assetcatalog; path = Assets.xcassets; sourceTree = "<group>"; };
		C5ACDC9822C89B4300837653 /* Base */ = {isa = PBXFileReference; lastKnownFileType = file.storyboard; name = Base; path = Base.lproj/Home.storyboard; sourceTree = "<group>"; };
		C5ACDC9A22C89B7E00837653 /* Portfolio.storyboard */ = {isa = PBXFileReference; lastKnownFileType = file.storyboard; path = Portfolio.storyboard; sourceTree = "<group>"; };
		C5ACDC9C22C8A3C300837653 /* MyResume.storyboard */ = {isa = PBXFileReference; lastKnownFileType = file.storyboard; path = MyResume.storyboard; sourceTree = "<group>"; };
		C5ACDCA122C8A4F200837653 /* Recruit.storyboard */ = {isa = PBXFileReference; lastKnownFileType = file.storyboard; path = Recruit.storyboard; sourceTree = "<group>"; };
		C5ACDCA322C8D73900837653 /* UIColor+Extensions.swift */ = {isa = PBXFileReference; lastKnownFileType = sourcecode.swift; name = "UIColor+Extensions.swift"; path = "GetRestIOS/Storyboards/UIColor+Extensions.swift"; sourceTree = SOURCE_ROOT; };
		C5ACDCA522C8DC5600837653 /* UIView+Extensions.swift */ = {isa = PBXFileReference; fileEncoding = 4; lastKnownFileType = sourcecode.swift; path = "UIView+Extensions.swift"; sourceTree = "<group>"; };
		C5ACDCA722C8E04900837653 /* MainHomeViewController.swift */ = {isa = PBXFileReference; lastKnownFileType = sourcecode.swift; path = MainHomeViewController.swift; sourceTree = "<group>"; };
		C5D6DE9622CE021800A7EB0E /* PortfolioDetailViewController.swift */ = {isa = PBXFileReference; lastKnownFileType = sourcecode.swift; path = PortfolioDetailViewController.swift; sourceTree = "<group>"; };
		C5D6DE9822CE0A9700A7EB0E /* PortfolioDetailModel.swift */ = {isa = PBXFileReference; lastKnownFileType = sourcecode.swift; name = PortfolioDetailModel.swift; path = GetRestIOS/Storyboards/PortfolioDetailModel.swift; sourceTree = SOURCE_ROOT; };
		C5D6DE9C22CE3D5C00A7EB0E /* PortfolioDetailTableViewCell.swift */ = {isa = PBXFileReference; lastKnownFileType = sourcecode.swift; path = PortfolioDetailTableViewCell.swift; sourceTree = "<group>"; };
		C5DC86CB22CB8F1B000C247F /* HomeGraphDetailTableViewCell.swift */ = {isa = PBXFileReference; lastKnownFileType = sourcecode.swift; path = HomeGraphDetailTableViewCell.swift; sourceTree = "<group>"; };
		C5DC86D122CBDC4B000C247F /* HomeGraphDetailModel.swift */ = {isa = PBXFileReference; lastKnownFileType = sourcecode.swift; name = HomeGraphDetailModel.swift; path = GetRestIOS/Storyboards/HomeGraphDetailModel.swift; sourceTree = SOURCE_ROOT; };
		C5DC86D322CBF8D4000C247F /* CardView.swift */ = {isa = PBXFileReference; lastKnownFileType = sourcecode.swift; path = CardView.swift; sourceTree = "<group>"; };
		EFDBF9252B0AFEB18C69E835 /* Pods_GetRestIOS.framework */ = {isa = PBXFileReference; explicitFileType = wrapper.framework; includeInIndex = 0; path = Pods_GetRestIOS.framework; sourceTree = BUILT_PRODUCTS_DIR; };
/* End PBXFileReference section */

/* Begin PBXFrameworksBuildPhase section */
		4BB47EE822C614E300930582 /* Frameworks */ = {
			isa = PBXFrameworksBuildPhase;
			buildActionMask = 2147483647;
			files = (
				101C8AB8252B5C2981990F9D /* Pods_GetRestIOS.framework in Frameworks */,
			);
			runOnlyForDeploymentPostprocessing = 0;
		};
/* End PBXFrameworksBuildPhase section */

/* Begin PBXGroup section */
		193846A04E6E8BD8BFAECBFD /* Frameworks */ = {
			isa = PBXGroup;
			children = (
				EFDBF9252B0AFEB18C69E835 /* Pods_GetRestIOS.framework */,
			);
			name = Frameworks;
			sourceTree = "<group>";
		};
		4B67C18122D2E04700B9F546 /* PortfolioView */ = {
			isa = PBXGroup;
			children = (
				4B3F934E22D08C21004919B1 /* PortfolioTableViewCell.swift */,
				4B3F934F22D08C21004919B1 /* PortfolioTableViewCell.xib */,
			);
			path = PortfolioView;
			sourceTree = "<group>";
		};
		4B67C18422D3531C00B9F546 /* Portfolio */ = {
			isa = PBXGroup;
			children = (
				4B63B04F22CFA523005F52D7 /* AddPortfolioViewController.swift */,
				4BFE157822CC1D4E008369B9 /* PortfolioViewController.swift */,
				4B63B05122CFFFF7005F52D7 /* PortfolioDetailVC1.swift */,
				4B63B05322D011A1005F52D7 /* PortfolioDetailVC2.swift */,
				4BC0DD6F22D694E300517324 /* CategoryCell.swift */,
				4BC0DD7122D6953100517324 /* CategoryVC.swift */,
			);
			path = Portfolio;
			sourceTree = "<group>";
		};
		4B67C18522D3532800B9F546 /* Recruit */ = {
			isa = PBXGroup;
			children = (
				4B67C19B22D5180D00B9F546 /* Select */,
				4B67C19A22D517EB00B9F546 /* Filter */,
				4B67C18622D3536200B9F546 /* RecruitViewController.swift */,
				4B67C18A22D3574400B9F546 /* RecruitListCell.swift */,
				4B67C18C22D4055300B9F546 /* DatePickerVC.swift */,
				4B67C19622D4BBCA00B9F546 /* RecruitDetailVC.swift */,
				4B67C19822D4E1D800B9F546 /* SearchVC.swift */,
			);
			path = Recruit;
			sourceTree = "<group>";
		};
		4B67C19A22D517EB00B9F546 /* Filter */ = {
			isa = PBXGroup;
			children = (
				4B67C19022D42F9F00B9F546 /* RecruitFilterVC.swift */,
				4B67C19222D44DEF00B9F546 /* FIlterListTVC.swift */,
				4B67C19422D44E1200B9F546 /* FIlterListCellCVC.swift */,
			);
			path = Filter;
			sourceTree = "<group>";
		};
		4B67C19B22D5180D00B9F546 /* Select */ = {
			isa = PBXGroup;
			children = (
				4B67C19C22D5183700B9F546 /* SelectVC.swift */,
				4B67C19E22D518A900B9F546 /* SelectTVC.swift */,
				4B67C1A422D5199000B9F546 /* QuestionCell.swift */,
				4B67C1A022D518C500B9F546 /* SelectCell.swift */,
				4BC0DD6922D6672600517324 /* PortfolioSelectVC.swift */,
			);
			path = Select;
			sourceTree = "<group>";
		};
		4BB47EE222C614E300930582 = {
			isa = PBXGroup;
			children = (
				4BB47EED22C614E300930582 /* GetRestIOS */,
				4BB47EEC22C614E300930582 /* Products */,
				C2036DBADAFF485771B4063C /* Pods */,
				193846A04E6E8BD8BFAECBFD /* Frameworks */,
			);
			sourceTree = "<group>";
		};
		4BB47EEC22C614E300930582 /* Products */ = {
			isa = PBXGroup;
			children = (
				4BB47EEB22C614E300930582 /* GetRestIOS.app */,
			);
			name = Products;
			sourceTree = "<group>";
		};
		4BB47EED22C614E300930582 /* GetRestIOS */ = {
			isa = PBXGroup;
			children = (
				4BB47F0C22C6194A00930582 /* Controllers */,
				4BB47F0B22C6194400930582 /* Views */,
				4BB47F0A22C6193A00930582 /* Models */,
				4BB47F0922C6193000930582 /* APIServices */,
				4BB47F0822C6192700930582 /* Extensions */,
				4BB47F0722C6191E00930582 /* Storyboards */,
				4BB47F0622C6191300930582 /* Resources */,
				4BB47EEE22C614E300930582 /* AppDelegate.swift */,
				4BB47EFA22C614E400930582 /* Info.plist */,
			);
			path = GetRestIOS;
			sourceTree = "<group>";
		};
		4BB47F0622C6191300930582 /* Resources */ = {
			isa = PBXGroup;
			children = (
				C56EE51222CD204B0062F072 /* Assets.xcassets */,
			);
			path = Resources;
			sourceTree = "<group>";
		};
		4BB47F0722C6191E00930582 /* Storyboards */ = {
			isa = PBXGroup;
			children = (
				4BB47EF222C614E300930582 /* Main.storyboard */,
				C5ACDCA122C8A4F200837653 /* Recruit.storyboard */,
				C5ACDC9C22C8A3C300837653 /* MyResume.storyboard */,
				4BB47EF722C614E400930582 /* LaunchScreen.storyboard */,
				C5ACDC9722C89B4300837653 /* Home.storyboard */,
				C5ACDC9A22C89B7E00837653 /* Portfolio.storyboard */,
				4BC0DD6B22D6697500517324 /* PopUp.storyboard */,
			);
			path = Storyboards;
			sourceTree = "<group>";
		};
		4BB47F0822C6192700930582 /* Extensions */ = {
			isa = PBXGroup;
			children = (
				C5ACDCA522C8DC5600837653 /* UIView+Extensions.swift */,
				C5ACDCA322C8D73900837653 /* UIColor+Extensions.swift */,
				C51EAD5A22CF49E100C836A7 /* bubbleTransition.swift */,
				4B67C18E22D41C7400B9F546 /* NotificationNameExtension.swift */,
			);
			path = Extensions;
			sourceTree = "<group>";
		};
		4BB47F0922C6193000930582 /* APIServices */ = {
			isa = PBXGroup;
			children = (
			);
			path = APIServices;
			sourceTree = "<group>";
		};
		4BB47F0A22C6193A00930582 /* Models */ = {
			isa = PBXGroup;
			children = (
				C5DC86D122CBDC4B000C247F /* HomeGraphDetailModel.swift */,
				C5D6DE9822CE0A9700A7EB0E /* PortfolioDetailModel.swift */,
				4B67C17F22D1D9C900B9F546 /* PortfolioModel.swift */,
				4B67C18222D3512500B9F546 /* RecruitListModel.swift */,
			);
			path = Models;
			sourceTree = "<group>";
		};
		4BB47F0B22C6194400930582 /* Views */ = {
			isa = PBXGroup;
			children = (
				4B67C18122D2E04700B9F546 /* PortfolioView */,
				C5DC86CB22CB8F1B000C247F /* HomeGraphDetailTableViewCell.swift */,
				C5DC86D322CBF8D4000C247F /* CardView.swift */,
				C5D6DE9C22CE3D5C00A7EB0E /* PortfolioDetailTableViewCell.swift */,
				C56EE50F22CCE5F50062F072 /* HashTagView */,
				4B63B05922D02E58005F52D7 /* ChipCollectionViewCell.swift */,
				4B63B05A22D02E58005F52D7 /* ChipCollectionViewCell.xib */,
			);
			path = Views;
			sourceTree = "<group>";
		};
		4BB47F0C22C6194A00930582 /* Controllers */ = {
			isa = PBXGroup;
			children = (
				4B67C18522D3532800B9F546 /* Recruit */,
				4B67C18422D3531C00B9F546 /* Portfolio */,
				C5ACDCA722C8E04900837653 /* MainHomeViewController.swift */,
				C5D6DE9622CE021800A7EB0E /* PortfolioDetailViewController.swift */,
			);
			path = Controllers;
			sourceTree = "<group>";
		};
		C2036DBADAFF485771B4063C /* Pods */ = {
			isa = PBXGroup;
			children = (
				00D5413CD194F992CD511BF0 /* Pods-GetRestIOS.debug.xcconfig */,
				48F387B77A4E8B89EB6CF466 /* Pods-GetRestIOS.release.xcconfig */,
			);
			path = Pods;
			sourceTree = "<group>";
		};
		C56EE50F22CCE5F50062F072 /* HashTagView */ = {
			isa = PBXGroup;
			children = (
				C56EE50B22CCE5540062F072 /* HashTagCollectionViewCell.swift */,
				C56EE51022CD063F0062F072 /* HashTagCollectionViewCell.xib */,
			);
			path = HashTagView;
			sourceTree = "<group>";
		};
/* End PBXGroup section */

/* Begin PBXNativeTarget section */
		4BB47EEA22C614E300930582 /* GetRestIOS */ = {
			isa = PBXNativeTarget;
			buildConfigurationList = 4BB47EFD22C614E400930582 /* Build configuration list for PBXNativeTarget "GetRestIOS" */;
			buildPhases = (
				3B036585342125DDAE86B78A /* [CP] Check Pods Manifest.lock */,
				4BB47EE722C614E300930582 /* Sources */,
				4BB47EE822C614E300930582 /* Frameworks */,
				4BB47EE922C614E300930582 /* Resources */,
				DB4B8A7AE801B4A759DBE9A3 /* [CP] Embed Pods Frameworks */,
			);
			buildRules = (
			);
			dependencies = (
			);
			name = GetRestIOS;
			productName = GetRestIOS;
			productReference = 4BB47EEB22C614E300930582 /* GetRestIOS.app */;
			productType = "com.apple.product-type.application";
		};
/* End PBXNativeTarget section */

/* Begin PBXProject section */
		4BB47EE322C614E300930582 /* Project object */ = {
			isa = PBXProject;
			attributes = {
				LastSwiftUpdateCheck = 1020;
				LastUpgradeCheck = 1020;
				ORGANIZATIONNAME = "최리안";
				TargetAttributes = {
					4BB47EEA22C614E300930582 = {
						CreatedOnToolsVersion = 10.2.1;
					};
				};
			};
			buildConfigurationList = 4BB47EE622C614E300930582 /* Build configuration list for PBXProject "GetRestIOS" */;
			compatibilityVersion = "Xcode 9.3";
			developmentRegion = en;
			hasScannedForEncodings = 0;
			knownRegions = (
				en,
				Base,
			);
			mainGroup = 4BB47EE222C614E300930582;
			productRefGroup = 4BB47EEC22C614E300930582 /* Products */;
			projectDirPath = "";
			projectRoot = "";
			targets = (
				4BB47EEA22C614E300930582 /* GetRestIOS */,
			);
		};
/* End PBXProject section */

/* Begin PBXResourcesBuildPhase section */
		4BB47EE922C614E300930582 /* Resources */ = {
			isa = PBXResourcesBuildPhase;
			buildActionMask = 2147483647;
			files = (
				C5ACDCA222C8A4F200837653 /* Recruit.storyboard in Resources */,
				4BB47EF922C614E400930582 /* LaunchScreen.storyboard in Resources */,
				C5ACDC9D22C8A3C300837653 /* MyResume.storyboard in Resources */,
				4B3F935122D08C21004919B1 /* PortfolioTableViewCell.xib in Resources */,
				4BB47EF422C614E300930582 /* Main.storyboard in Resources */,
				C56EE51122CD063F0062F072 /* HashTagCollectionViewCell.xib in Resources */,
				C5ACDC9922C89B4300837653 /* Home.storyboard in Resources */,
				C56EE51322CD204B0062F072 /* Assets.xcassets in Resources */,
				4BC0DD6C22D6697500517324 /* PopUp.storyboard in Resources */,
				C5ACDC9B22C89B7E00837653 /* Portfolio.storyboard in Resources */,
				4B63B05C22D02E58005F52D7 /* ChipCollectionViewCell.xib in Resources */,
			);
			runOnlyForDeploymentPostprocessing = 0;
		};
/* End PBXResourcesBuildPhase section */

/* Begin PBXShellScriptBuildPhase section */
		3B036585342125DDAE86B78A /* [CP] Check Pods Manifest.lock */ = {
			isa = PBXShellScriptBuildPhase;
			buildActionMask = 2147483647;
			files = (
			);
			inputFileListPaths = (
			);
			inputPaths = (
				"${PODS_PODFILE_DIR_PATH}/Podfile.lock",
				"${PODS_ROOT}/Manifest.lock",
			);
			name = "[CP] Check Pods Manifest.lock";
			outputFileListPaths = (
			);
			outputPaths = (
				"$(DERIVED_FILE_DIR)/Pods-GetRestIOS-checkManifestLockResult.txt",
			);
			runOnlyForDeploymentPostprocessing = 0;
			shellPath = /bin/sh;
			shellScript = "diff \"${PODS_PODFILE_DIR_PATH}/Podfile.lock\" \"${PODS_ROOT}/Manifest.lock\" > /dev/null\nif [ $? != 0 ] ; then\n    # print error to STDERR\n    echo \"error: The sandbox is not in sync with the Podfile.lock. Run 'pod install' or update your CocoaPods installation.\" >&2\n    exit 1\nfi\n# This output is used by Xcode 'outputs' to avoid re-running this script phase.\necho \"SUCCESS\" > \"${SCRIPT_OUTPUT_FILE_0}\"\n";
			showEnvVarsInLog = 0;
		};
		DB4B8A7AE801B4A759DBE9A3 /* [CP] Embed Pods Frameworks */ = {
			isa = PBXShellScriptBuildPhase;
			buildActionMask = 2147483647;
			files = (
			);
			inputFileListPaths = (
				"${PODS_ROOT}/Target Support Files/Pods-GetRestIOS/Pods-GetRestIOS-frameworks-${CONFIGURATION}-input-files.xcfilelist",
			);
			inputPaths = (
				"${PODS_ROOT}/Target Support Files/Pods-GetRestIOS/Pods-GetRestIOS-frameworks.sh",
				"${BUILT_PRODUCTS_DIR}/Alamofire/Alamofire.framework",
				"${BUILT_PRODUCTS_DIR}/AlamofireObjectMapper/AlamofireObjectMapper.framework",
				"${BUILT_PRODUCTS_DIR}/Kingfisher/Kingfisher.framework",
				"${BUILT_PRODUCTS_DIR}/ObjectMapper/ObjectMapper.framework",
				"${BUILT_PRODUCTS_DIR}/ScrollableGraphView/ScrollableGraphView.framework",
				"${BUILT_PRODUCTS_DIR}/XLPagerTabStrip/XLPagerTabStrip.framework",
			);
			name = "[CP] Embed Pods Frameworks";
			outputFileListPaths = (
				"${PODS_ROOT}/Target Support Files/Pods-GetRestIOS/Pods-GetRestIOS-frameworks-${CONFIGURATION}-output-files.xcfilelist",
			);
			outputPaths = (
				"${TARGET_BUILD_DIR}/${FRAMEWORKS_FOLDER_PATH}/Alamofire.framework",
				"${TARGET_BUILD_DIR}/${FRAMEWORKS_FOLDER_PATH}/AlamofireObjectMapper.framework",
				"${TARGET_BUILD_DIR}/${FRAMEWORKS_FOLDER_PATH}/Kingfisher.framework",
				"${TARGET_BUILD_DIR}/${FRAMEWORKS_FOLDER_PATH}/ObjectMapper.framework",
				"${TARGET_BUILD_DIR}/${FRAMEWORKS_FOLDER_PATH}/ScrollableGraphView.framework",
				"${TARGET_BUILD_DIR}/${FRAMEWORKS_FOLDER_PATH}/XLPagerTabStrip.framework",
			);
			runOnlyForDeploymentPostprocessing = 0;
			shellPath = /bin/sh;
			shellScript = "\"${PODS_ROOT}/Target Support Files/Pods-GetRestIOS/Pods-GetRestIOS-frameworks.sh\"\n";
			showEnvVarsInLog = 0;
		};
/* End PBXShellScriptBuildPhase section */

/* Begin PBXSourcesBuildPhase section */
		4BB47EE722C614E300930582 /* Sources */ = {
			isa = PBXSourcesBuildPhase;
			buildActionMask = 2147483647;
			files = (
				4B67C18B22D3574400B9F546 /* RecruitListCell.swift in Sources */,
				4B67C18322D3512500B9F546 /* RecruitListModel.swift in Sources */,
				C5D6DE9922CE0A9700A7EB0E /* PortfolioDetailModel.swift in Sources */,
				C5D6DE9D22CE3D5C00A7EB0E /* PortfolioDetailTableViewCell.swift in Sources */,
				C51EAD5B22CF49E100C836A7 /* bubbleTransition.swift in Sources */,
				4B63B05222CFFFF7005F52D7 /* PortfolioDetailVC1.swift in Sources */,
				4B67C19122D42F9F00B9F546 /* RecruitFilterVC.swift in Sources */,
				4B67C1A522D5199000B9F546 /* QuestionCell.swift in Sources */,
				4B63B05B22D02E58005F52D7 /* ChipCollectionViewCell.swift in Sources */,
				4B63B05422D011A1005F52D7 /* PortfolioDetailVC2.swift in Sources */,
				C5ACDCA822C8E04900837653 /* MainHomeViewController.swift in Sources */,
				4B67C19922D4E1D800B9F546 /* SearchVC.swift in Sources */,
				4B67C1A122D518C500B9F546 /* SelectCell.swift in Sources */,
				4B67C19522D44E1200B9F546 /* FIlterListCellCVC.swift in Sources */,
				4B63B05022CFA523005F52D7 /* AddPortfolioViewController.swift in Sources */,
				C5ACDCA422C8D73900837653 /* UIColor+Extensions.swift in Sources */,
				C56EE50D22CCE5540062F072 /* HashTagCollectionViewCell.swift in Sources */,
				4B67C19722D4BBCA00B9F546 /* RecruitDetailVC.swift in Sources */,
				C5D6DE9722CE021800A7EB0E /* PortfolioDetailViewController.swift in Sources */,
				4B67C18722D3536200B9F546 /* RecruitViewController.swift in Sources */,
				C5DC86CC22CB8F1B000C247F /* HomeGraphDetailTableViewCell.swift in Sources */,
				4B67C18F22D41C7400B9F546 /* NotificationNameExtension.swift in Sources */,
				C5DC86D222CBDC4B000C247F /* HomeGraphDetailModel.swift in Sources */,
				4B67C18D22D4055300B9F546 /* DatePickerVC.swift in Sources */,
				4BC0DD7022D694E300517324 /* CategoryCell.swift in Sources */,
				4B67C19F22D518A900B9F546 /* SelectTVC.swift in Sources */,
				4BFE157922CC1D4E008369B9 /* PortfolioViewController.swift in Sources */,
				4BC0DD6A22D6672600517324 /* PortfolioSelectVC.swift in Sources */,
				C5ACDCA622C8DC5600837653 /* UIView+Extensions.swift in Sources */,
				C5DC86D422CBF8D4000C247F /* CardView.swift in Sources */,
				4BC0DD7222D6953100517324 /* CategoryVC.swift in Sources */,
				4BB47EEF22C614E300930582 /* AppDelegate.swift in Sources */,
				4B3F935022D08C21004919B1 /* PortfolioTableViewCell.swift in Sources */,
				4B67C18022D1D9C900B9F546 /* PortfolioModel.swift in Sources */,
				4B67C19D22D5183700B9F546 /* SelectVC.swift in Sources */,
				4B67C19322D44DEF00B9F546 /* FIlterListTVC.swift in Sources */,
			);
			runOnlyForDeploymentPostprocessing = 0;
		};
/* End PBXSourcesBuildPhase section */

/* Begin PBXVariantGroup section */
		4BB47EF222C614E300930582 /* Main.storyboard */ = {
			isa = PBXVariantGroup;
			children = (
				4BB47EF322C614E300930582 /* Base */,
			);
			name = Main.storyboard;
			sourceTree = "<group>";
		};
		4BB47EF722C614E400930582 /* LaunchScreen.storyboard */ = {
			isa = PBXVariantGroup;
			children = (
				4BB47EF822C614E400930582 /* Base */,
			);
			name = LaunchScreen.storyboard;
			sourceTree = "<group>";
		};
		C5ACDC9722C89B4300837653 /* Home.storyboard */ = {
			isa = PBXVariantGroup;
			children = (
				C5ACDC9822C89B4300837653 /* Base */,
			);
			name = Home.storyboard;
			sourceTree = "<group>";
		};
/* End PBXVariantGroup section */

/* Begin XCBuildConfiguration section */
		4BB47EFB22C614E400930582 /* Debug */ = {
			isa = XCBuildConfiguration;
			buildSettings = {
				ALWAYS_SEARCH_USER_PATHS = NO;
				CLANG_ANALYZER_NONNULL = YES;
				CLANG_ANALYZER_NUMBER_OBJECT_CONVERSION = YES_AGGRESSIVE;
				CLANG_CXX_LANGUAGE_STANDARD = "gnu++14";
				CLANG_CXX_LIBRARY = "libc++";
				CLANG_ENABLE_MODULES = YES;
				CLANG_ENABLE_OBJC_ARC = YES;
				CLANG_ENABLE_OBJC_WEAK = YES;
				CLANG_WARN_BLOCK_CAPTURE_AUTORELEASING = YES;
				CLANG_WARN_BOOL_CONVERSION = YES;
				CLANG_WARN_COMMA = YES;
				CLANG_WARN_CONSTANT_CONVERSION = YES;
				CLANG_WARN_DEPRECATED_OBJC_IMPLEMENTATIONS = YES;
				CLANG_WARN_DIRECT_OBJC_ISA_USAGE = YES_ERROR;
				CLANG_WARN_DOCUMENTATION_COMMENTS = YES;
				CLANG_WARN_EMPTY_BODY = YES;
				CLANG_WARN_ENUM_CONVERSION = YES;
				CLANG_WARN_INFINITE_RECURSION = YES;
				CLANG_WARN_INT_CONVERSION = YES;
				CLANG_WARN_NON_LITERAL_NULL_CONVERSION = YES;
				CLANG_WARN_OBJC_IMPLICIT_RETAIN_SELF = YES;
				CLANG_WARN_OBJC_LITERAL_CONVERSION = YES;
				CLANG_WARN_OBJC_ROOT_CLASS = YES_ERROR;
				CLANG_WARN_RANGE_LOOP_ANALYSIS = YES;
				CLANG_WARN_STRICT_PROTOTYPES = YES;
				CLANG_WARN_SUSPICIOUS_MOVE = YES;
				CLANG_WARN_UNGUARDED_AVAILABILITY = YES_AGGRESSIVE;
				CLANG_WARN_UNREACHABLE_CODE = YES;
				CLANG_WARN__DUPLICATE_METHOD_MATCH = YES;
				CODE_SIGN_IDENTITY = "iPhone Developer";
				COPY_PHASE_STRIP = NO;
				DEBUG_INFORMATION_FORMAT = dwarf;
				ENABLE_STRICT_OBJC_MSGSEND = YES;
				ENABLE_TESTABILITY = YES;
				GCC_C_LANGUAGE_STANDARD = gnu11;
				GCC_DYNAMIC_NO_PIC = NO;
				GCC_NO_COMMON_BLOCKS = YES;
				GCC_OPTIMIZATION_LEVEL = 0;
				GCC_PREPROCESSOR_DEFINITIONS = (
					"DEBUG=1",
					"$(inherited)",
				);
				GCC_WARN_64_TO_32_BIT_CONVERSION = YES;
				GCC_WARN_ABOUT_RETURN_TYPE = YES_ERROR;
				GCC_WARN_UNDECLARED_SELECTOR = YES;
				GCC_WARN_UNINITIALIZED_AUTOS = YES_AGGRESSIVE;
				GCC_WARN_UNUSED_FUNCTION = YES;
				GCC_WARN_UNUSED_VARIABLE = YES;
				IPHONEOS_DEPLOYMENT_TARGET = 12.2;
				MTL_ENABLE_DEBUG_INFO = INCLUDE_SOURCE;
				MTL_FAST_MATH = YES;
				ONLY_ACTIVE_ARCH = YES;
				SDKROOT = iphoneos;
				SWIFT_ACTIVE_COMPILATION_CONDITIONS = DEBUG;
				SWIFT_OPTIMIZATION_LEVEL = "-Onone";
			};
			name = Debug;
		};
		4BB47EFC22C614E400930582 /* Release */ = {
			isa = XCBuildConfiguration;
			buildSettings = {
				ALWAYS_SEARCH_USER_PATHS = NO;
				CLANG_ANALYZER_NONNULL = YES;
				CLANG_ANALYZER_NUMBER_OBJECT_CONVERSION = YES_AGGRESSIVE;
				CLANG_CXX_LANGUAGE_STANDARD = "gnu++14";
				CLANG_CXX_LIBRARY = "libc++";
				CLANG_ENABLE_MODULES = YES;
				CLANG_ENABLE_OBJC_ARC = YES;
				CLANG_ENABLE_OBJC_WEAK = YES;
				CLANG_WARN_BLOCK_CAPTURE_AUTORELEASING = YES;
				CLANG_WARN_BOOL_CONVERSION = YES;
				CLANG_WARN_COMMA = YES;
				CLANG_WARN_CONSTANT_CONVERSION = YES;
				CLANG_WARN_DEPRECATED_OBJC_IMPLEMENTATIONS = YES;
				CLANG_WARN_DIRECT_OBJC_ISA_USAGE = YES_ERROR;
				CLANG_WARN_DOCUMENTATION_COMMENTS = YES;
				CLANG_WARN_EMPTY_BODY = YES;
				CLANG_WARN_ENUM_CONVERSION = YES;
				CLANG_WARN_INFINITE_RECURSION = YES;
				CLANG_WARN_INT_CONVERSION = YES;
				CLANG_WARN_NON_LITERAL_NULL_CONVERSION = YES;
				CLANG_WARN_OBJC_IMPLICIT_RETAIN_SELF = YES;
				CLANG_WARN_OBJC_LITERAL_CONVERSION = YES;
				CLANG_WARN_OBJC_ROOT_CLASS = YES_ERROR;
				CLANG_WARN_RANGE_LOOP_ANALYSIS = YES;
				CLANG_WARN_STRICT_PROTOTYPES = YES;
				CLANG_WARN_SUSPICIOUS_MOVE = YES;
				CLANG_WARN_UNGUARDED_AVAILABILITY = YES_AGGRESSIVE;
				CLANG_WARN_UNREACHABLE_CODE = YES;
				CLANG_WARN__DUPLICATE_METHOD_MATCH = YES;
				CODE_SIGN_IDENTITY = "iPhone Developer";
				COPY_PHASE_STRIP = NO;
				DEBUG_INFORMATION_FORMAT = "dwarf-with-dsym";
				ENABLE_NS_ASSERTIONS = NO;
				ENABLE_STRICT_OBJC_MSGSEND = YES;
				GCC_C_LANGUAGE_STANDARD = gnu11;
				GCC_NO_COMMON_BLOCKS = YES;
				GCC_WARN_64_TO_32_BIT_CONVERSION = YES;
				GCC_WARN_ABOUT_RETURN_TYPE = YES_ERROR;
				GCC_WARN_UNDECLARED_SELECTOR = YES;
				GCC_WARN_UNINITIALIZED_AUTOS = YES_AGGRESSIVE;
				GCC_WARN_UNUSED_FUNCTION = YES;
				GCC_WARN_UNUSED_VARIABLE = YES;
				IPHONEOS_DEPLOYMENT_TARGET = 12.2;
				MTL_ENABLE_DEBUG_INFO = NO;
				MTL_FAST_MATH = YES;
				SDKROOT = iphoneos;
				SWIFT_COMPILATION_MODE = wholemodule;
				SWIFT_OPTIMIZATION_LEVEL = "-O";
				VALIDATE_PRODUCT = YES;
			};
			name = Release;
		};
		4BB47EFE22C614E400930582 /* Debug */ = {
			isa = XCBuildConfiguration;
			baseConfigurationReference = 00D5413CD194F992CD511BF0 /* Pods-GetRestIOS.debug.xcconfig */;
			buildSettings = {
				ASSETCATALOG_COMPILER_APPICON_NAME = AppIcon;
				CODE_SIGN_STYLE = Automatic;
				INFOPLIST_FILE = GetRestIOS/Info.plist;
				LD_RUNPATH_SEARCH_PATHS = (
					"$(inherited)",
					"@executable_path/Frameworks",
				);
				PRODUCT_BUNDLE_IDENTIFIER = ios.GetRestIOS;
				PRODUCT_NAME = "$(TARGET_NAME)";
				SWIFT_VERSION = 4.2;
				TARGETED_DEVICE_FAMILY = "1,2";
			};
			name = Debug;
		};
		4BB47EFF22C614E400930582 /* Release */ = {
			isa = XCBuildConfiguration;
			baseConfigurationReference = 48F387B77A4E8B89EB6CF466 /* Pods-GetRestIOS.release.xcconfig */;
			buildSettings = {
				ASSETCATALOG_COMPILER_APPICON_NAME = AppIcon;
				CODE_SIGN_STYLE = Automatic;
				INFOPLIST_FILE = GetRestIOS/Info.plist;
				LD_RUNPATH_SEARCH_PATHS = (
					"$(inherited)",
					"@executable_path/Frameworks",
				);
				PRODUCT_BUNDLE_IDENTIFIER = ios.GetRestIOS;
				PRODUCT_NAME = "$(TARGET_NAME)";
				SWIFT_VERSION = 4.2;
				TARGETED_DEVICE_FAMILY = "1,2";
			};
			name = Release;
		};
/* End XCBuildConfiguration section */

/* Begin XCConfigurationList section */
		4BB47EE622C614E300930582 /* Build configuration list for PBXProject "GetRestIOS" */ = {
			isa = XCConfigurationList;
			buildConfigurations = (
				4BB47EFB22C614E400930582 /* Debug */,
				4BB47EFC22C614E400930582 /* Release */,
			);
			defaultConfigurationIsVisible = 0;
			defaultConfigurationName = Release;
		};
		4BB47EFD22C614E400930582 /* Build configuration list for PBXNativeTarget "GetRestIOS" */ = {
			isa = XCConfigurationList;
			buildConfigurations = (
				4BB47EFE22C614E400930582 /* Debug */,
				4BB47EFF22C614E400930582 /* Release */,
			);
			defaultConfigurationIsVisible = 0;
			defaultConfigurationName = Release;
		};
/* End XCConfigurationList section */
	};
	rootObject = 4BB47EE322C614E300930582 /* Project object */;
}
